{
  "name": "ArraysAndStrings",
  "lockfileVersion": 2,
  "requires": true,
  "packages": {
    "": {
      "dependencies": {
        "@shamala/helpercci": "^1.0.0"
      }
    },
    "node_modules/@shamala/helpercci": {
      "version": "1.2.0",
      "resolved": "https://registry.npmjs.org/@shamala/helpercci/-/helpercci-1.2.0.tgz",
      "integrity": "sha512-D47SalZgPfIf/7RERdVpZdw8YpSclIAzUv2cfw152VYmJi2EUua3bKtYafafe5RtRbpsFNJ161imogzZj4Pj8A=="
    }
  },
  "dependencies": {
    "@shamala/helpercci": {
      "version": "1.2.0",
      "resolved": "https://registry.npmjs.org/@shamala/helpercci/-/helpercci-1.2.0.tgz",
      "integrity": "sha512-D47SalZgPfIf/7RERdVpZdw8YpSclIAzUv2cfw152VYmJi2EUua3bKtYafafe5RtRbpsFNJ161imogzZj4Pj8A=="
    }
  }
}
